// !$*UTF8*$!
{
	archiveVersion = 1;
	classes = {
	};
	objectVersion = 56;
	objects = {

/* Begin PBXBuildFile section */
		B758609E2C52E44E0007404D /* TrainArrivalEntry.swift in Sources */ = {isa = PBXBuildFile; fileRef = B758609D2C52E44E0007404D /* TrainArrivalEntry.swift */; };
		B75860A22C52F4D00007404D /* StationSign.swift in Sources */ = {isa = PBXBuildFile; fileRef = B75860A12C52F4D00007404D /* StationSign.swift */; };
		B7697CB82C5192AB001B880C /* FormatterUtils.swift in Sources */ = {isa = PBXBuildFile; fileRef = B7697CB72C5192AB001B880C /* FormatterUtils.swift */; };
		B78613A92C4EE8EA00F8A35B /* Secrets.swift in Sources */ = {isa = PBXBuildFile; fileRef = B78613A82C4EE8EA00F8A35B /* Secrets.swift */; };
		B78613AB2C4EE9B900F8A35B /* NetworkUtils.swift in Sources */ = {isa = PBXBuildFile; fileRef = B78613AA2C4EE9B900F8A35B /* NetworkUtils.swift */; };
		B78613B02C4EEAEA00F8A35B /* SwiftProtobuf in Frameworks */ = {isa = PBXBuildFile; productRef = B78613AF2C4EEAEA00F8A35B /* SwiftProtobuf */; };
		B78613B22C4EEAEA00F8A35B /* SwiftProtobufPluginLibrary in Frameworks */ = {isa = PBXBuildFile; productRef = B78613B12C4EEAEA00F8A35B /* SwiftProtobufPluginLibrary */; };
		B78613B82C4EF39B00F8A35B /* nyct-subway.pb.swift in Sources */ = {isa = PBXBuildFile; fileRef = B78613B72C4EF39B00F8A35B /* nyct-subway.pb.swift */; };
		B78613BA2C4EF3A000F8A35B /* gtfs-realtime.pb.swift in Sources */ = {isa = PBXBuildFile; fileRef = B78613B92C4EF3A000F8A35B /* gtfs-realtime.pb.swift */; };
		B78613C02C4EF75C00F8A35B /* MTAStation.swift in Sources */ = {isa = PBXBuildFile; fileRef = B78613BF2C4EF75C00F8A35B /* MTAStation.swift */; };
		B78613C32C4EFD9D00F8A35B /* Stations.csv in Resources */ = {isa = PBXBuildFile; fileRef = B78613C22C4EFD9D00F8A35B /* Stations.csv */; };
		B78BC6372C4DDC8D00414D5F /* TrainBadge.swift in Sources */ = {isa = PBXBuildFile; fileRef = B78BC6362C4DDC8D00414D5F /* TrainBadge.swift */; };
		B7A856912BB3848D00D571AA /* ChooChooApp.swift in Sources */ = {isa = PBXBuildFile; fileRef = B7A856902BB3848D00D571AA /* ChooChooApp.swift */; };
		B7A856932BB3848D00D571AA /* ContentView.swift in Sources */ = {isa = PBXBuildFile; fileRef = B7A856922BB3848D00D571AA /* ContentView.swift */; };
		B7A856952BB3848E00D571AA /* Assets.xcassets in Resources */ = {isa = PBXBuildFile; fileRef = B7A856942BB3848E00D571AA /* Assets.xcassets */; };
		B7A856982BB3848E00D571AA /* Preview Assets.xcassets in Resources */ = {isa = PBXBuildFile; fileRef = B7A856972BB3848E00D571AA /* Preview Assets.xcassets */; };
		B7D904352C655F26009B4D18 /* Trips.csv in Resources */ = {isa = PBXBuildFile; fileRef = B7D904342C655F26009B4D18 /* Trips.csv */; };
		B7D904372C65A745009B4D18 /* StationSelectionSheet.swift in Sources */ = {isa = PBXBuildFile; fileRef = B7D904362C65A745009B4D18 /* StationSelectionSheet.swift */; };
		B7D9B5262BB385ED00AE6E3D /* MTAUtils.swift in Sources */ = {isa = PBXBuildFile; fileRef = B7D9B5252BB385ED00AE6E3D /* MTAUtils.swift */; };
		B7E3FA1B2C4F0A7B0036CCDF /* LocationFetcher.swift in Sources */ = {isa = PBXBuildFile; fileRef = B7E3FA1A2C4F0A7B0036CCDF /* LocationFetcher.swift */; };
/* End PBXBuildFile section */

/* Begin PBXFileReference section */
		B758609D2C52E44E0007404D /* TrainArrivalEntry.swift */ = {isa = PBXFileReference; lastKnownFileType = sourcecode.swift; path = TrainArrivalEntry.swift; sourceTree = "<group>"; };
		B75860A12C52F4D00007404D /* StationSign.swift */ = {isa = PBXFileReference; lastKnownFileType = sourcecode.swift; path = StationSign.swift; sourceTree = "<group>"; };
		B7697CB72C5192AB001B880C /* FormatterUtils.swift */ = {isa = PBXFileReference; lastKnownFileType = sourcecode.swift; path = FormatterUtils.swift; sourceTree = "<group>"; };
		B78613A82C4EE8EA00F8A35B /* Secrets.swift */ = {isa = PBXFileReference; lastKnownFileType = sourcecode.swift; path = Secrets.swift; sourceTree = "<group>"; };
		B78613AA2C4EE9B900F8A35B /* NetworkUtils.swift */ = {isa = PBXFileReference; lastKnownFileType = sourcecode.swift; path = NetworkUtils.swift; sourceTree = "<group>"; };
		B78613B72C4EF39B00F8A35B /* nyct-subway.pb.swift */ = {isa = PBXFileReference; lastKnownFileType = sourcecode.swift; path = "nyct-subway.pb.swift"; sourceTree = "<group>"; };
		B78613B92C4EF3A000F8A35B /* gtfs-realtime.pb.swift */ = {isa = PBXFileReference; lastKnownFileType = sourcecode.swift; path = "gtfs-realtime.pb.swift"; sourceTree = "<group>"; };
		B78613BF2C4EF75C00F8A35B /* MTAStation.swift */ = {isa = PBXFileReference; lastKnownFileType = sourcecode.swift; path = MTAStation.swift; sourceTree = "<group>"; };
		B78613C22C4EFD9D00F8A35B /* Stations.csv */ = {isa = PBXFileReference; lastKnownFileType = text; path = Stations.csv; sourceTree = "<group>"; };
		B78BC6362C4DDC8D00414D5F /* TrainBadge.swift */ = {isa = PBXFileReference; lastKnownFileType = sourcecode.swift; path = TrainBadge.swift; sourceTree = "<group>"; };
		B7A8568D2BB3848D00D571AA /* ChooChoo.app */ = {isa = PBXFileReference; explicitFileType = wrapper.application; includeInIndex = 0; path = ChooChoo.app; sourceTree = BUILT_PRODUCTS_DIR; };
		B7A856902BB3848D00D571AA /* ChooChooApp.swift */ = {isa = PBXFileReference; lastKnownFileType = sourcecode.swift; path = ChooChooApp.swift; sourceTree = "<group>"; };
		B7A856922BB3848D00D571AA /* ContentView.swift */ = {isa = PBXFileReference; lastKnownFileType = sourcecode.swift; path = ContentView.swift; sourceTree = "<group>"; };
		B7A856942BB3848E00D571AA /* Assets.xcassets */ = {isa = PBXFileReference; lastKnownFileType = folder.assetcatalog; path = Assets.xcassets; sourceTree = "<group>"; };
		B7A856972BB3848E00D571AA /* Preview Assets.xcassets */ = {isa = PBXFileReference; lastKnownFileType = folder.assetcatalog; path = "Preview Assets.xcassets"; sourceTree = "<group>"; };
		B7D904342C655F26009B4D18 /* Trips.csv */ = {isa = PBXFileReference; lastKnownFileType = text; path = Trips.csv; sourceTree = "<group>"; };
		B7D904362C65A745009B4D18 /* StationSelectionSheet.swift */ = {isa = PBXFileReference; lastKnownFileType = sourcecode.swift; path = StationSelectionSheet.swift; sourceTree = "<group>"; };
		B7D9B5252BB385ED00AE6E3D /* MTAUtils.swift */ = {isa = PBXFileReference; lastKnownFileType = sourcecode.swift; path = MTAUtils.swift; sourceTree = "<group>"; };
		B7E3FA1A2C4F0A7B0036CCDF /* LocationFetcher.swift */ = {isa = PBXFileReference; lastKnownFileType = sourcecode.swift; path = LocationFetcher.swift; sourceTree = "<group>"; };
/* End PBXFileReference section */

/* Begin PBXFrameworksBuildPhase section */
		B7A8568A2BB3848D00D571AA /* Frameworks */ = {
			isa = PBXFrameworksBuildPhase;
			buildActionMask = 2147483647;
			files = (
				B78613B22C4EEAEA00F8A35B /* SwiftProtobufPluginLibrary in Frameworks */,
				B78613B02C4EEAEA00F8A35B /* SwiftProtobuf in Frameworks */,
			);
			runOnlyForDeploymentPostprocessing = 0;
		};
/* End PBXFrameworksBuildPhase section */

/* Begin PBXGroup section */
		B78613B42C4EF29900F8A35B /* Generated */ = {
			isa = PBXGroup;
			children = (
				B78613B92C4EF3A000F8A35B /* gtfs-realtime.pb.swift */,
				B78613B72C4EF39B00F8A35B /* nyct-subway.pb.swift */,
			);
			path = Generated;
			sourceTree = "<group>";
		};
		B78613C12C4EFD8600F8A35B /* Resources */ = {
			isa = PBXGroup;
			children = (
				B78613C22C4EFD9D00F8A35B /* Stations.csv */,
				B7D904342C655F26009B4D18 /* Trips.csv */,
			);
			path = Resources;
			sourceTree = "<group>";
		};
		B7A856842BB3848D00D571AA = {
			isa = PBXGroup;
			children = (
				B78613C12C4EFD8600F8A35B /* Resources */,
				B7A8568F2BB3848D00D571AA /* Sources */,
				B78613B42C4EF29900F8A35B /* Generated */,
				B7A8568E2BB3848D00D571AA /* Products */,
			);
			sourceTree = "<group>";
		};
		B7A8568E2BB3848D00D571AA /* Products */ = {
			isa = PBXGroup;
			children = (
				B7A8568D2BB3848D00D571AA /* ChooChoo.app */,
			);
			name = Products;
			sourceTree = "<group>";
		};
		B7A8568F2BB3848D00D571AA /* Sources */ = {
			isa = PBXGroup;
			children = (
				B7A856902BB3848D00D571AA /* ChooChooApp.swift */,
				B7A856922BB3848D00D571AA /* ContentView.swift */,
				B78BC6362C4DDC8D00414D5F /* TrainBadge.swift */,
				B75860A12C52F4D00007404D /* StationSign.swift */,
				B78613BF2C4EF75C00F8A35B /* MTAStation.swift */,
				B7D9B5252BB385ED00AE6E3D /* MTAUtils.swift */,
				B758609D2C52E44E0007404D /* TrainArrivalEntry.swift */,
				B78613A82C4EE8EA00F8A35B /* Secrets.swift */,
				B78613AA2C4EE9B900F8A35B /* NetworkUtils.swift */,
				B7697CB72C5192AB001B880C /* FormatterUtils.swift */,
				B7E3FA1A2C4F0A7B0036CCDF /* LocationFetcher.swift */,
				B7A856942BB3848E00D571AA /* Assets.xcassets */,
				B7A856962BB3848E00D571AA /* Preview Content */,
				B7D904362C65A745009B4D18 /* StationSelectionSheet.swift */,
			);
			path = Sources;
			sourceTree = "<group>";
		};
		B7A856962BB3848E00D571AA /* Preview Content */ = {
			isa = PBXGroup;
			children = (
				B7A856972BB3848E00D571AA /* Preview Assets.xcassets */,
			);
			path = "Preview Content";
			sourceTree = "<group>";
		};
/* End PBXGroup section */

/* Begin PBXNativeTarget section */
		B7A8568C2BB3848D00D571AA /* ChooChoo */ = {
			isa = PBXNativeTarget;
			buildConfigurationList = B7A8569B2BB3848E00D571AA /* Build configuration list for PBXNativeTarget "ChooChoo" */;
			buildPhases = (
				B7A856892BB3848D00D571AA /* Sources */,
				B7A8568A2BB3848D00D571AA /* Frameworks */,
				B7A8568B2BB3848D00D571AA /* Resources */,
			);
			buildRules = (
			);
			dependencies = (
			);
			name = ChooChoo;
			productName = ChooChoo;
			productReference = B7A8568D2BB3848D00D571AA /* ChooChoo.app */;
			productType = "com.apple.product-type.application";
		};
/* End PBXNativeTarget section */

/* Begin PBXProject section */
		B7A856852BB3848D00D571AA /* Project object */ = {
			isa = PBXProject;
			attributes = {
				BuildIndependentTargetsInParallel = 1;
				LastSwiftUpdateCheck = 1530;
				LastUpgradeCheck = 1530;
				TargetAttributes = {
					B7A8568C2BB3848D00D571AA = {
						CreatedOnToolsVersion = 15.3;
					};
				};
			};
			buildConfigurationList = B7A856882BB3848D00D571AA /* Build configuration list for PBXProject "ChooChoo" */;
			compatibilityVersion = "Xcode 14.0";
			developmentRegion = en;
			hasScannedForEncodings = 0;
			knownRegions = (
				en,
				Base,
			);
			mainGroup = B7A856842BB3848D00D571AA;
			packageReferences = (
				B78613AE2C4EEAEA00F8A35B /* XCRemoteSwiftPackageReference "swift-protobuf" */,
			);
			productRefGroup = B7A8568E2BB3848D00D571AA /* Products */;
			projectDirPath = "";
			projectRoot = "";
			targets = (
				B7A8568C2BB3848D00D571AA /* ChooChoo */,
			);
		};
/* End PBXProject section */

/* Begin PBXResourcesBuildPhase section */
		B7A8568B2BB3848D00D571AA /* Resources */ = {
			isa = PBXResourcesBuildPhase;
			buildActionMask = 2147483647;
			files = (
				B78613C32C4EFD9D00F8A35B /* Stations.csv in Resources */,
				B7D904352C655F26009B4D18 /* Trips.csv in Resources */,
				B7A856982BB3848E00D571AA /* Preview Assets.xcassets in Resources */,
				B7A856952BB3848E00D571AA /* Assets.xcassets in Resources */,
			);
			runOnlyForDeploymentPostprocessing = 0;
		};
/* End PBXResourcesBuildPhase section */

/* Begin PBXSourcesBuildPhase section */
		B7A856892BB3848D00D571AA /* Sources */ = {
			isa = PBXSourcesBuildPhase;
			buildActionMask = 2147483647;
			files = (
				B78613C02C4EF75C00F8A35B /* MTAStation.swift in Sources */,
				B7D904372C65A745009B4D18 /* StationSelectionSheet.swift in Sources */,
				B7697CB82C5192AB001B880C /* FormatterUtils.swift in Sources */,
				B78BC6372C4DDC8D00414D5F /* TrainBadge.swift in Sources */,
				B7E3FA1B2C4F0A7B0036CCDF /* LocationFetcher.swift in Sources */,
				B78613A92C4EE8EA00F8A35B /* Secrets.swift in Sources */,
				B7D9B5262BB385ED00AE6E3D /* MTAUtils.swift in Sources */,
				B7A856932BB3848D00D571AA /* ContentView.swift in Sources */,
				B75860A22C52F4D00007404D /* StationSign.swift in Sources */,
				B758609E2C52E44E0007404D /* TrainArrivalEntry.swift in Sources */,
				B78613B82C4EF39B00F8A35B /* nyct-subway.pb.swift in Sources */,
				B78613BA2C4EF3A000F8A35B /* gtfs-realtime.pb.swift in Sources */,
				B78613AB2C4EE9B900F8A35B /* NetworkUtils.swift in Sources */,
				B7A856912BB3848D00D571AA /* ChooChooApp.swift in Sources */,
			);
			runOnlyForDeploymentPostprocessing = 0;
		};
/* End PBXSourcesBuildPhase section */

/* Begin XCBuildConfiguration section */
		B7A856992BB3848E00D571AA /* Debug */ = {
			isa = XCBuildConfiguration;
			buildSettings = {
				ALWAYS_SEARCH_USER_PATHS = NO;
				ASSETCATALOG_COMPILER_GENERATE_SWIFT_ASSET_SYMBOL_EXTENSIONS = YES;
				CLANG_ANALYZER_NONNULL = YES;
				CLANG_ANALYZER_NUMBER_OBJECT_CONVERSION = YES_AGGRESSIVE;
				CLANG_CXX_LANGUAGE_STANDARD = "gnu++20";
				CLANG_ENABLE_MODULES = YES;
				CLANG_ENABLE_OBJC_ARC = YES;
				CLANG_ENABLE_OBJC_WEAK = YES;
				CLANG_WARN_BLOCK_CAPTURE_AUTORELEASING = YES;
				CLANG_WARN_BOOL_CONVERSION = YES;
				CLANG_WARN_COMMA = YES;
				CLANG_WARN_CONSTANT_CONVERSION = YES;
				CLANG_WARN_DEPRECATED_OBJC_IMPLEMENTATIONS = YES;
				CLANG_WARN_DIRECT_OBJC_ISA_USAGE = YES_ERROR;
				CLANG_WARN_DOCUMENTATION_COMMENTS = YES;
				CLANG_WARN_EMPTY_BODY = YES;
				CLANG_WARN_ENUM_CONVERSION = YES;
				CLANG_WARN_INFINITE_RECURSION = YES;
				CLANG_WARN_INT_CONVERSION = YES;
				CLANG_WARN_NON_LITERAL_NULL_CONVERSION = YES;
				CLANG_WARN_OBJC_IMPLICIT_RETAIN_SELF = YES;
				CLANG_WARN_OBJC_LITERAL_CONVERSION = YES;
				CLANG_WARN_OBJC_ROOT_CLASS = YES_ERROR;
				CLANG_WARN_QUOTED_INCLUDE_IN_FRAMEWORK_HEADER = YES;
				CLANG_WARN_RANGE_LOOP_ANALYSIS = YES;
				CLANG_WARN_STRICT_PROTOTYPES = YES;
				CLANG_WARN_SUSPICIOUS_MOVE = YES;
				CLANG_WARN_UNGUARDED_AVAILABILITY = YES_AGGRESSIVE;
				CLANG_WARN_UNREACHABLE_CODE = YES;
				CLANG_WARN__DUPLICATE_METHOD_MATCH = YES;
				COPY_PHASE_STRIP = NO;
				DEBUG_INFORMATION_FORMAT = dwarf;
				ENABLE_STRICT_OBJC_MSGSEND = YES;
				ENABLE_TESTABILITY = YES;
				ENABLE_USER_SCRIPT_SANDBOXING = YES;
				GCC_C_LANGUAGE_STANDARD = gnu17;
				GCC_DYNAMIC_NO_PIC = NO;
				GCC_NO_COMMON_BLOCKS = YES;
				GCC_OPTIMIZATION_LEVEL = 0;
				GCC_PREPROCESSOR_DEFINITIONS = (
					"DEBUG=1",
					"$(inherited)",
				);
				GCC_WARN_64_TO_32_BIT_CONVERSION = YES;
				GCC_WARN_ABOUT_RETURN_TYPE = YES_ERROR;
				GCC_WARN_UNDECLARED_SELECTOR = YES;
				GCC_WARN_UNINITIALIZED_AUTOS = YES_AGGRESSIVE;
				GCC_WARN_UNUSED_FUNCTION = YES;
				GCC_WARN_UNUSED_VARIABLE = YES;
				IPHONEOS_DEPLOYMENT_TARGET = 17.4;
				LOCALIZATION_PREFERS_STRING_CATALOGS = YES;
				MTL_ENABLE_DEBUG_INFO = INCLUDE_SOURCE;
				MTL_FAST_MATH = YES;
				ONLY_ACTIVE_ARCH = YES;
				SDKROOT = iphoneos;
				SWIFT_ACTIVE_COMPILATION_CONDITIONS = "DEBUG $(inherited)";
				SWIFT_OPTIMIZATION_LEVEL = "-Onone";
			};
			name = Debug;
		};
		B7A8569A2BB3848E00D571AA /* Release */ = {
			isa = XCBuildConfiguration;
			buildSettings = {
				ALWAYS_SEARCH_USER_PATHS = NO;
				ASSETCATALOG_COMPILER_GENERATE_SWIFT_ASSET_SYMBOL_EXTENSIONS = YES;
				CLANG_ANALYZER_NONNULL = YES;
				CLANG_ANALYZER_NUMBER_OBJECT_CONVERSION = YES_AGGRESSIVE;
				CLANG_CXX_LANGUAGE_STANDARD = "gnu++20";
				CLANG_ENABLE_MODULES = YES;
				CLANG_ENABLE_OBJC_ARC = YES;
				CLANG_ENABLE_OBJC_WEAK = YES;
				CLANG_WARN_BLOCK_CAPTURE_AUTORELEASING = YES;
				CLANG_WARN_BOOL_CONVERSION = YES;
				CLANG_WARN_COMMA = YES;
				CLANG_WARN_CONSTANT_CONVERSION = YES;
				CLANG_WARN_DEPRECATED_OBJC_IMPLEMENTATIONS = YES;
				CLANG_WARN_DIRECT_OBJC_ISA_USAGE = YES_ERROR;
				CLANG_WARN_DOCUMENTATION_COMMENTS = YES;
				CLANG_WARN_EMPTY_BODY = YES;
				CLANG_WARN_ENUM_CONVERSION = YES;
				CLANG_WARN_INFINITE_RECURSION = YES;
				CLANG_WARN_INT_CONVERSION = YES;
				CLANG_WARN_NON_LITERAL_NULL_CONVERSION = YES;
				CLANG_WARN_OBJC_IMPLICIT_RETAIN_SELF = YES;
				CLANG_WARN_OBJC_LITERAL_CONVERSION = YES;
				CLANG_WARN_OBJC_ROOT_CLASS = YES_ERROR;
				CLANG_WARN_QUOTED_INCLUDE_IN_FRAMEWORK_HEADER = YES;
				CLANG_WARN_RANGE_LOOP_ANALYSIS = YES;
				CLANG_WARN_STRICT_PROTOTYPES = YES;
				CLANG_WARN_SUSPICIOUS_MOVE = YES;
				CLANG_WARN_UNGUARDED_AVAILABILITY = YES_AGGRESSIVE;
				CLANG_WARN_UNREACHABLE_CODE = YES;
				CLANG_WARN__DUPLICATE_METHOD_MATCH = YES;
				COPY_PHASE_STRIP = NO;
				DEBUG_INFORMATION_FORMAT = "dwarf-with-dsym";
				ENABLE_NS_ASSERTIONS = NO;
				ENABLE_STRICT_OBJC_MSGSEND = YES;
				ENABLE_USER_SCRIPT_SANDBOXING = YES;
				GCC_C_LANGUAGE_STANDARD = gnu17;
				GCC_NO_COMMON_BLOCKS = YES;
				GCC_WARN_64_TO_32_BIT_CONVERSION = YES;
				GCC_WARN_ABOUT_RETURN_TYPE = YES_ERROR;
				GCC_WARN_UNDECLARED_SELECTOR = YES;
				GCC_WARN_UNINITIALIZED_AUTOS = YES_AGGRESSIVE;
				GCC_WARN_UNUSED_FUNCTION = YES;
				GCC_WARN_UNUSED_VARIABLE = YES;
				IPHONEOS_DEPLOYMENT_TARGET = 17.4;
				LOCALIZATION_PREFERS_STRING_CATALOGS = YES;
				MTL_ENABLE_DEBUG_INFO = NO;
				MTL_FAST_MATH = YES;
				SDKROOT = iphoneos;
				SWIFT_COMPILATION_MODE = wholemodule;
				VALIDATE_PRODUCT = YES;
			};
			name = Release;
		};
		B7A8569C2BB3848E00D571AA /* Debug */ = {
			isa = XCBuildConfiguration;
			buildSettings = {
				ASSETCATALOG_COMPILER_APPICON_NAME = AppIcon;
				ASSETCATALOG_COMPILER_GLOBAL_ACCENT_COLOR_NAME = AccentColor;
				CODE_SIGN_STYLE = Automatic;
				CURRENT_PROJECT_VERSION = 1;
				DEVELOPMENT_ASSET_PATHS = "\"Sources/Preview Content\"";
				DEVELOPMENT_TEAM = HM6Y2RQS2R;
				ENABLE_PREVIEWS = YES;
				GENERATE_INFOPLIST_FILE = YES;
				INFOPLIST_KEY_NSLocationWhenInUseUsageDescription = "We need current location to identify closest station.";
				INFOPLIST_KEY_UIApplicationSceneManifest_Generation = YES;
				INFOPLIST_KEY_UIApplicationSupportsIndirectInputEvents = YES;
				INFOPLIST_KEY_UILaunchScreen_Generation = YES;
				INFOPLIST_KEY_UISupportedInterfaceOrientations_iPad = "UIInterfaceOrientationPortrait UIInterfaceOrientationPortraitUpsideDown UIInterfaceOrientationLandscapeLeft UIInterfaceOrientationLandscapeRight";
				INFOPLIST_KEY_UISupportedInterfaceOrientations_iPhone = "UIInterfaceOrientationPortrait UIInterfaceOrientationLandscapeLeft UIInterfaceOrientationLandscapeRight";
				LD_RUNPATH_SEARCH_PATHS = (
					"$(inherited)",
					"@executable_path/Frameworks",
				);
				MARKETING_VERSION = 1.0;
				PRODUCT_BUNDLE_IDENTIFIER = atul.ChooChoo;
				PRODUCT_NAME = "$(TARGET_NAME)";
				SWIFT_EMIT_LOC_STRINGS = YES;
				SWIFT_VERSION = 6.0;
				TARGETED_DEVICE_FAMILY = "1,2";
			};
			name = Debug;
		};
		B7A8569D2BB3848E00D571AA /* Release */ = {
			isa = XCBuildConfiguration;
			buildSettings = {
				ASSETCATALOG_COMPILER_APPICON_NAME = AppIcon;
				ASSETCATALOG_COMPILER_GLOBAL_ACCENT_COLOR_NAME = AccentColor;
				CODE_SIGN_STYLE = Automatic;
				CURRENT_PROJECT_VERSION = 1;
				DEVELOPMENT_ASSET_PATHS = "\"Sources/Preview Content\"";
				DEVELOPMENT_TEAM = HM6Y2RQS2R;
				ENABLE_PREVIEWS = YES;
				GENERATE_INFOPLIST_FILE = YES;
				INFOPLIST_KEY_NSLocationWhenInUseUsageDescription = "We need current location to identify closest station.";
				INFOPLIST_KEY_UIApplicationSceneManifest_Generation = YES;
				INFOPLIST_KEY_UIApplicationSupportsIndirectInputEvents = YES;
				INFOPLIST_KEY_UILaunchScreen_Generation = YES;
				INFOPLIST_KEY_UISupportedInterfaceOrientations_iPad = "UIInterfaceOrientationPortrait UIInterfaceOrientationPortraitUpsideDown UIInterfaceOrientationLandscapeLeft UIInterfaceOrientationLandscapeRight";
				INFOPLIST_KEY_UISupportedInterfaceOrientations_iPhone = "UIInterfaceOrientationPortrait UIInterfaceOrientationLandscapeLeft UIInterfaceOrientationLandscapeRight";
				LD_RUNPATH_SEARCH_PATHS = (
					"$(inherited)",
					"@executable_path/Frameworks",
				);
				MARKETING_VERSION = 1.0;
				PRODUCT_BUNDLE_IDENTIFIER = atul.ChooChoo;
				PRODUCT_NAME = "$(TARGET_NAME)";
				SWIFT_EMIT_LOC_STRINGS = YES;
				SWIFT_VERSION = 6.0;
				TARGETED_DEVICE_FAMILY = "1,2";
			};
			name = Release;
		};
/* End XCBuildConfiguration section */

/* Begin XCConfigurationList section */
		B7A856882BB3848D00D571AA /* Build configuration list for PBXProject "ChooChoo" */ = {
			isa = XCConfigurationList;
			buildConfigurations = (
				B7A856992BB3848E00D571AA /* Debug */,
				B7A8569A2BB3848E00D571AA /* Release */,
			);
			defaultConfigurationIsVisible = 0;
			defaultConfigurationName = Release;
		};
		B7A8569B2BB3848E00D571AA /* Build configuration list for PBXNativeTarget "ChooChoo" */ = {
			isa = XCConfigurationList;
			buildConfigurations = (
				B7A8569C2BB3848E00D571AA /* Debug */,
				B7A8569D2BB3848E00D571AA /* Release */,
			);
			defaultConfigurationIsVisible = 0;
			defaultConfigurationName = Release;
		};
/* End XCConfigurationList section */

/* Begin XCRemoteSwiftPackageReference section */
		B78613AE2C4EEAEA00F8A35B /* XCRemoteSwiftPackageReference "swift-protobuf" */ = {
			isa = XCRemoteSwiftPackageReference;
			repositoryURL = "https://github.com/apple/swift-protobuf.git";
			requirement = {
				kind = upToNextMajorVersion;
				minimumVersion = 1.27.0;
			};
		};
/* End XCRemoteSwiftPackageReference section */

/* Begin XCSwiftPackageProductDependency section */
		B78613AF2C4EEAEA00F8A35B /* SwiftProtobuf */ = {
			isa = XCSwiftPackageProductDependency;
			package = B78613AE2C4EEAEA00F8A35B /* XCRemoteSwiftPackageReference "swift-protobuf" */;
			productName = SwiftProtobuf;
		};
		B78613B12C4EEAEA00F8A35B /* SwiftProtobufPluginLibrary */ = {
			isa = XCSwiftPackageProductDependency;
			package = B78613AE2C4EEAEA00F8A35B /* XCRemoteSwiftPackageReference "swift-protobuf" */;
			productName = SwiftProtobufPluginLibrary;
		};
/* End XCSwiftPackageProductDependency section */
	};
	rootObject = B7A856852BB3848D00D571AA /* Project object */;
}
